
Microsoft Visual Studio Solution File, Format Version 12.00
# Visual Studio Version 17
VisualStudioVersion = 17.3.32922.545
MinimumVisualStudioVersion = 10.0.40219.1
Project("{FAE04EC0-301F-11D3-BF4B-00C04F79EFBC}") = "MyFirstAzureWebApp", "MyFirstAzureWebApp\MyFirstAzureWebApp.csproj", "{D5ED7DE0-166D-43B5-A5D5-AF32D18E6320}"
EndProject
Global
	GlobalSection(SolutionConfigurationPlatforms) = preSolution
		Debug|Any CPU = Debug|Any CPU
		Release|Any CPU = Release|Any CPU
	EndGlobalSection
	GlobalSection(ProjectConfigurationPlatforms) = postSolution
		{D5ED7DE0-166D-43B5-A5D5-AF32D18E6320}.Debug|Any CPU.ActiveCfg = Debug|Any CPU
		{D5ED7DE0-166D-43B5-A5D5-AF32D18E6320}.Debug|Any CPU.Build.0 = Debug|Any CPU
		{D5ED7DE0-166D-43B5-A5D5-AF32D18E6320}.Release|Any CPU.ActiveCfg = Release|Any CPU
		{D5ED7DE0-166D-43B5-A5D5-AF32D18E6320}.Release|Any CPU.Build.0 = Release|Any CPU
	EndGlobalSection
	GlobalSection(SolutionProperties) = preSolution
		HideSolutionNode = FALSE
	EndGlobalSection
	GlobalSection(ExtensibilityGlobals) = postSolution
		SolutionGuid = {1D98A2BA-87E8-4D1B-9EF7-732C8B20DA9A}
	EndGlobalSection
EndGlobal
